
Microsoft Visual Studio Solution File, Format Version 12.00
# Visual Studio Version 17
VisualStudioVersion = 17.7.34202.233
MinimumVisualStudioVersion = 10.0.40219.1
Project("{2150E333-8FDC-42A3-9474-1A3956D46DE8}") = "1 - Presentation", "1 - Presentation", "{D91CB8BE-957B-4075-A418-DDFE5930B87B}"
EndProject
Project("{2150E333-8FDC-42A3-9474-1A3956D46DE8}") = "2 - Service", "2 - Service", "{DCED9873-05ED-4D80-AB4D-99848E9D0ABB}"
EndProject
Project("{2150E333-8FDC-42A3-9474-1A3956D46DE8}") = "3 - Domain", "3 - Domain", "{64BC006D-5CF9-4659-9B94-2284AADE50A8}"
EndProject
Project("{FAE04EC0-301F-11D3-BF4B-00C04F79EFBC}") = "LOP.PagamentoStrategy.Service", "LOP.PagamentoStrategy.Service\LOP.PagamentoStrategy.Service.csproj", "{8C8CF7A4-FCEA-4127-A1AD-003F9FA44C4E}"
EndProject
Project("{9A19103F-16F7-4668-BE54-9A1E7A4F7556}") = "LOP.PagamentoStrategy.Domain", "LOP.PagamentoStrategy.Domain\LOP.PagamentoStrategy.Domain.csproj", "{0E8C3F9A-FC3B-46D6-AC17-3CF2541A8007}"
EndProject
Project("{FAE04EC0-301F-11D3-BF4B-00C04F79EFBC}") = "LOP.PagamentoStrategy.Console", "LOP.PagamentoStrategy.Console\LOP.PagamentoStrategy.Console.csproj", "{CE6B1B4E-E8E5-4171-94B4-D4457D0D85B6}"
EndProject
Global
	GlobalSection(SolutionConfigurationPlatforms) = preSolution
		Debug|Any CPU = Debug|Any CPU
		Release|Any CPU = Release|Any CPU
	EndGlobalSection
	GlobalSection(ProjectConfigurationPlatforms) = postSolution
		{8C8CF7A4-FCEA-4127-A1AD-003F9FA44C4E}.Debug|Any CPU.ActiveCfg = Debug|Any CPU
		{8C8CF7A4-FCEA-4127-A1AD-003F9FA44C4E}.Debug|Any CPU.Build.0 = Debug|Any CPU
		{8C8CF7A4-FCEA-4127-A1AD-003F9FA44C4E}.Release|Any CPU.ActiveCfg = Release|Any CPU
		{8C8CF7A4-FCEA-4127-A1AD-003F9FA44C4E}.Release|Any CPU.Build.0 = Release|Any CPU
		{0E8C3F9A-FC3B-46D6-AC17-3CF2541A8007}.Debug|Any CPU.ActiveCfg = Debug|Any CPU
		{0E8C3F9A-FC3B-46D6-AC17-3CF2541A8007}.Debug|Any CPU.Build.0 = Debug|Any CPU
		{0E8C3F9A-FC3B-46D6-AC17-3CF2541A8007}.Release|Any CPU.ActiveCfg = Release|Any CPU
		{0E8C3F9A-FC3B-46D6-AC17-3CF2541A8007}.Release|Any CPU.Build.0 = Release|Any CPU
		{CE6B1B4E-E8E5-4171-94B4-D4457D0D85B6}.Debug|Any CPU.ActiveCfg = Debug|Any CPU
		{CE6B1B4E-E8E5-4171-94B4-D4457D0D85B6}.Debug|Any CPU.Build.0 = Debug|Any CPU
		{CE6B1B4E-E8E5-4171-94B4-D4457D0D85B6}.Release|Any CPU.ActiveCfg = Release|Any CPU
		{CE6B1B4E-E8E5-4171-94B4-D4457D0D85B6}.Release|Any CPU.Build.0 = Release|Any CPU
	EndGlobalSection
	GlobalSection(SolutionProperties) = preSolution
		HideSolutionNode = FALSE
	EndGlobalSection
	GlobalSection(NestedProjects) = preSolution
		{8C8CF7A4-FCEA-4127-A1AD-003F9FA44C4E} = {DCED9873-05ED-4D80-AB4D-99848E9D0ABB}
		{0E8C3F9A-FC3B-46D6-AC17-3CF2541A8007} = {64BC006D-5CF9-4659-9B94-2284AADE50A8}
		{CE6B1B4E-E8E5-4171-94B4-D4457D0D85B6} = {D91CB8BE-957B-4075-A418-DDFE5930B87B}
	EndGlobalSection
	GlobalSection(ExtensibilityGlobals) = postSolution
		SolutionGuid = {54C2BADE-9717-4EF0-A816-4F3BCAB1F6CD}
	EndGlobalSection
EndGlobal
